
Microsoft Visual Studio Solution File, Format Version 10.00
# Visual Studio 2008
Project("{FAE04EC0-301F-11D3-BF4B-00C04F79EFBC}") = "ChefNodeCmdlet", "ChefNodeCmdlet\ChefNodeCmdlet.csproj", "{F421745A-3ADE-473A-83DE-C7A3DF1B9557}"
EndProject
Project("{FAE04EC0-301F-11D3-BF4B-00C04F79EFBC}") = "TestChefNodeCmdlet", "TestChefNodeCmdlet\TestChefNodeCmdlet.csproj", "{3691CA56-6927-4789-9102-0841E99B3F16}"
	ProjectSection(ProjectDependencies) = postProject
		{F421745A-3ADE-473A-83DE-C7A3DF1B9557} = {F421745A-3ADE-473A-83DE-C7A3DF1B9557}
	EndProjectSection
EndProject
Global
	GlobalSection(SolutionConfigurationPlatforms) = preSolution
		Debug|Any CPU = Debug|Any CPU
		Release|Any CPU = Release|Any CPU
	EndGlobalSection
	GlobalSection(ProjectConfigurationPlatforms) = postSolution
		{F421745A-3ADE-473A-83DE-C7A3DF1B9557}.Debug|Any CPU.ActiveCfg = Debug|Any CPU
		{F421745A-3ADE-473A-83DE-C7A3DF1B9557}.Debug|Any CPU.Build.0 = Debug|Any CPU
		{F421745A-3ADE-473A-83DE-C7A3DF1B9557}.Release|Any CPU.ActiveCfg = Release|Any CPU
		{F421745A-3ADE-473A-83DE-C7A3DF1B9557}.Release|Any CPU.Build.0 = Release|Any CPU
		{3691CA56-6927-4789-9102-0841E99B3F16}.Debug|Any CPU.ActiveCfg = Debug|Any CPU
		{3691CA56-6927-4789-9102-0841E99B3F16}.Debug|Any CPU.Build.0 = Debug|Any CPU
		{3691CA56-6927-4789-9102-0841E99B3F16}.Release|Any CPU.ActiveCfg = Release|Any CPU
		{3691CA56-6927-4789-9102-0841E99B3F16}.Release|Any CPU.Build.0 = Release|Any CPU
	EndGlobalSection
	GlobalSection(SolutionProperties) = preSolution
		HideSolutionNode = FALSE
	EndGlobalSection
EndGlobal
